
Microsoft Visual Studio Solution File, Format Version 12.00
# Visual Studio 2012
Project("{FAE04EC0-301F-11D3-BF4B-00C04F79EFBC}") = "SpaceDefender", "SpaceDefender\SpaceDefender.csproj", "{2FF976D0-C225-415A-9549-40519EE9B3ED}"
EndProject
Project("{FAE04EC0-301F-11D3-BF4B-00C04F79EFBC}") = "CollisionDetectionLibrary", "CollisionDetectionLibrary\CollisionDetectionLibrary.csproj", "{9E725532-4FEA-4414-9FA8-EA9033657F86}"
EndProject
Project("{FAE04EC0-301F-11D3-BF4B-00C04F79EFBC}") = "GameLibrary", "ClassLibrary1\GameLibrary.csproj", "{6BB14F86-001E-4252-A521-86F7BF0A877B}"
EndProject
Global
	GlobalSection(SolutionConfigurationPlatforms) = preSolution
		Debug|Any CPU = Debug|Any CPU
		Debug|Mixed Platforms = Debug|Mixed Platforms
		Debug|x86 = Debug|x86
		Release|Any CPU = Release|Any CPU
		Release|Mixed Platforms = Release|Mixed Platforms
		Release|x86 = Release|x86
	EndGlobalSection
	GlobalSection(ProjectConfigurationPlatforms) = postSolution
		{2FF976D0-C225-415A-9549-40519EE9B3ED}.Debug|Any CPU.ActiveCfg = Debug|x86
		{2FF976D0-C225-415A-9549-40519EE9B3ED}.Debug|Mixed Platforms.ActiveCfg = Debug|x86
		{2FF976D0-C225-415A-9549-40519EE9B3ED}.Debug|Mixed Platforms.Build.0 = Debug|x86
		{2FF976D0-C225-415A-9549-40519EE9B3ED}.Debug|x86.ActiveCfg = Debug|x86
		{2FF976D0-C225-415A-9549-40519EE9B3ED}.Debug|x86.Build.0 = Debug|x86
		{2FF976D0-C225-415A-9549-40519EE9B3ED}.Release|Any CPU.ActiveCfg = Release|x86
		{2FF976D0-C225-415A-9549-40519EE9B3ED}.Release|Mixed Platforms.ActiveCfg = Release|x86
		{2FF976D0-C225-415A-9549-40519EE9B3ED}.Release|Mixed Platforms.Build.0 = Release|x86
		{2FF976D0-C225-415A-9549-40519EE9B3ED}.Release|x86.ActiveCfg = Release|x86
		{2FF976D0-C225-415A-9549-40519EE9B3ED}.Release|x86.Build.0 = Release|x86
		{9E725532-4FEA-4414-9FA8-EA9033657F86}.Debug|Any CPU.ActiveCfg = Debug|Any CPU
		{9E725532-4FEA-4414-9FA8-EA9033657F86}.Debug|Any CPU.Build.0 = Debug|Any CPU
		{9E725532-4FEA-4414-9FA8-EA9033657F86}.Debug|Mixed Platforms.ActiveCfg = Debug|Any CPU
		{9E725532-4FEA-4414-9FA8-EA9033657F86}.Debug|Mixed Platforms.Build.0 = Debug|Any CPU
		{9E725532-4FEA-4414-9FA8-EA9033657F86}.Debug|x86.ActiveCfg = Debug|Any CPU
		{9E725532-4FEA-4414-9FA8-EA9033657F86}.Release|Any CPU.ActiveCfg = Release|Any CPU
		{9E725532-4FEA-4414-9FA8-EA9033657F86}.Release|Any CPU.Build.0 = Release|Any CPU
		{9E725532-4FEA-4414-9FA8-EA9033657F86}.Release|Mixed Platforms.ActiveCfg = Release|Any CPU
		{9E725532-4FEA-4414-9FA8-EA9033657F86}.Release|Mixed Platforms.Build.0 = Release|Any CPU
		{9E725532-4FEA-4414-9FA8-EA9033657F86}.Release|x86.ActiveCfg = Release|Any CPU
		{6BB14F86-001E-4252-A521-86F7BF0A877B}.Debug|Any CPU.ActiveCfg = Debug|Any CPU
		{6BB14F86-001E-4252-A521-86F7BF0A877B}.Debug|Any CPU.Build.0 = Debug|Any CPU
		{6BB14F86-001E-4252-A521-86F7BF0A877B}.Debug|Mixed Platforms.ActiveCfg = Debug|Any CPU
		{6BB14F86-001E-4252-A521-86F7BF0A877B}.Debug|Mixed Platforms.Build.0 = Debug|Any CPU
		{6BB14F86-001E-4252-A521-86F7BF0A877B}.Debug|x86.ActiveCfg = Debug|Any CPU
		{6BB14F86-001E-4252-A521-86F7BF0A877B}.Release|Any CPU.ActiveCfg = Release|Any CPU
		{6BB14F86-001E-4252-A521-86F7BF0A877B}.Release|Any CPU.Build.0 = Release|Any CPU
		{6BB14F86-001E-4252-A521-86F7BF0A877B}.Release|Mixed Platforms.ActiveCfg = Release|Any CPU
		{6BB14F86-001E-4252-A521-86F7BF0A877B}.Release|Mixed Platforms.Build.0 = Release|Any CPU
		{6BB14F86-001E-4252-A521-86F7BF0A877B}.Release|x86.ActiveCfg = Release|Any CPU
	EndGlobalSection
	GlobalSection(SolutionProperties) = preSolution
		HideSolutionNode = FALSE
	EndGlobalSection
EndGlobal
